
Microsoft Visual Studio Solution File, Format Version 12.00
# Visual Studio Version 17
VisualStudioVersion = 17.0.31903.59
MinimumVisualStudioVersion = 10.0.40219.1
Project("{2150E333-8FDC-42A3-9474-1A3956D46DE8}") = "src", "src", "{72B5E6CE-E966-4003-903F-76EFF1477164}"
EndProject
Project("{FAE04EC0-301F-11D3-BF4B-00C04F79EFBC}") = "WorldBuilder.Core", "src\WorldBuilder.Core\WorldBuilder.Core.csproj", "{F2615B30-FC30-46F5-93C9-5B3BC6C9A353}"
EndProject
Project("{2150E333-8FDC-42A3-9474-1A3956D46DE8}") = "tests", "tests", "{F50B9BA4-02C6-4659-B55A-5A5A013E8210}"
EndProject
Project("{FAE04EC0-301F-11D3-BF4B-00C04F79EFBC}") = "WorldBuilder.Core.Tests", "tests\WorldBuilder.Core.Tests\WorldBuilder.Core.Tests.csproj", "{2615488F-23E6-44DD-8BE7-9654872C7B4C}"
EndProject
Global
	GlobalSection(SolutionConfigurationPlatforms) = preSolution
		Debug|Any CPU = Debug|Any CPU
		Release|Any CPU = Release|Any CPU
	EndGlobalSection
	GlobalSection(SolutionProperties) = preSolution
		HideSolutionNode = FALSE
	EndGlobalSection
	GlobalSection(ProjectConfigurationPlatforms) = postSolution
		{F2615B30-FC30-46F5-93C9-5B3BC6C9A353}.Debug|Any CPU.ActiveCfg = Debug|Any CPU
		{F2615B30-FC30-46F5-93C9-5B3BC6C9A353}.Debug|Any CPU.Build.0 = Debug|Any CPU
		{F2615B30-FC30-46F5-93C9-5B3BC6C9A353}.Release|Any CPU.ActiveCfg = Release|Any CPU
		{F2615B30-FC30-46F5-93C9-5B3BC6C9A353}.Release|Any CPU.Build.0 = Release|Any CPU
		{2615488F-23E6-44DD-8BE7-9654872C7B4C}.Debug|Any CPU.ActiveCfg = Debug|Any CPU
		{2615488F-23E6-44DD-8BE7-9654872C7B4C}.Debug|Any CPU.Build.0 = Debug|Any CPU
		{2615488F-23E6-44DD-8BE7-9654872C7B4C}.Release|Any CPU.ActiveCfg = Release|Any CPU
		{2615488F-23E6-44DD-8BE7-9654872C7B4C}.Release|Any CPU.Build.0 = Release|Any CPU
	EndGlobalSection
	GlobalSection(NestedProjects) = preSolution
		{F2615B30-FC30-46F5-93C9-5B3BC6C9A353} = {72B5E6CE-E966-4003-903F-76EFF1477164}
		{2615488F-23E6-44DD-8BE7-9654872C7B4C} = {F50B9BA4-02C6-4659-B55A-5A5A013E8210}
	EndGlobalSection
EndGlobal
